
Microsoft Visual Studio Solution File, Format Version 12.00
# Visual Studio 15
VisualStudioVersion = 15.0.28307.329
MinimumVisualStudioVersion = 10.0.40219.1
Project("{FAE04EC0-301F-11D3-BF4B-00C04F79EFBC}") = "PatternsDbGen", "PatternsDbGen.csproj", "{1A862995-84F3-431D-962D-A9946738B47F}"
EndProject
Project("{FAE04EC0-301F-11D3-BF4B-00C04F79EFBC}") = "EntityBox", "..\EntityBox\EntityBox.csproj", "{B054BDBA-D0A2-4712-BB9F-4368C37BE0EB}"
EndProject
Global
	GlobalSection(SolutionConfigurationPlatforms) = preSolution
		Debug|Any CPU = Debug|Any CPU
		Release|Any CPU = Release|Any CPU
	EndGlobalSection
	GlobalSection(ProjectConfigurationPlatforms) = postSolution
		{1A862995-84F3-431D-962D-A9946738B47F}.Debug|Any CPU.ActiveCfg = Debug|Any CPU
		{1A862995-84F3-431D-962D-A9946738B47F}.Debug|Any CPU.Build.0 = Debug|Any CPU
		{1A862995-84F3-431D-962D-A9946738B47F}.Release|Any CPU.ActiveCfg = Release|Any CPU
		{1A862995-84F3-431D-962D-A9946738B47F}.Release|Any CPU.Build.0 = Release|Any CPU
		{B054BDBA-D0A2-4712-BB9F-4368C37BE0EB}.Debug|Any CPU.ActiveCfg = Debug|Any CPU
		{B054BDBA-D0A2-4712-BB9F-4368C37BE0EB}.Debug|Any CPU.Build.0 = Debug|Any CPU
		{B054BDBA-D0A2-4712-BB9F-4368C37BE0EB}.Release|Any CPU.ActiveCfg = Release|Any CPU
		{B054BDBA-D0A2-4712-BB9F-4368C37BE0EB}.Release|Any CPU.Build.0 = Release|Any CPU
	EndGlobalSection
	GlobalSection(SolutionProperties) = preSolution
		HideSolutionNode = FALSE
	EndGlobalSection
	GlobalSection(ExtensibilityGlobals) = postSolution
		SolutionGuid = {54ED302D-B3EF-4E3E-A9A5-3B8C7B094508}
	EndGlobalSection
EndGlobal
