<?xml version="1.0" encoding="utf-8"?>
<Project ToolsVersion="4.0" xmlns="http://schemas.microsoft.com/developer/msbuild/2003">
  <ItemGroup>
    <Filter Include="Header Files">
      <UniqueIdentifier>{93995380-89BD-4b04-88EB-625FBE52EBFB}</UniqueIdentifier>
      <Extensions>h;hh;hpp;hxx;hm;inl;inc;xsd</Extensions>
    </Filter>
    <Filter Include="Source Files">
      <UniqueIdentifier>{4FC737F1-C7A5-4376-A066-2A32D752A2FF}</UniqueIdentifier>
      <Extensions>cpp;c;cc;cxx;def;odl;idl;hpj;bat;asm;asmx</Extensions>
    </Filter>
    <Filter Include="Resources">
      <UniqueIdentifier>{67DA6AB6-F800-4c08-8B7A-83BB121AAD01}</UniqueIdentifier>
      <Extensions>rc;ico;cur;bmp;dlg;rc2;rct;bin;rgs;gif;jpg;jpeg;jpe;resx;tiff;tif;png;wav;mfcribbon-ms</Extensions>
    </Filter>
  </ItemGroup>
  <ItemGroup>
    <ClCompile Include="..\jpegload.c">
      <Filter>Source Files</Filter>
    </ClCompile>
    <ClCompile Include="..\jpegsave.c">
      <Filter>Source Files</Filter>
    </ClCompile>
    <ClCompile Include="..\jpegwnd.c">
      <Filter>Source Files</Filter>
    </ClCompile>
    <ClCompile Include="..\listutils.c">
      <Filter>Source Files</Filter>
    </ClCompile>
    <ClCompile Include="..\main.c">
      <Filter>Source Files</Filter>
    </ClCompile>
    <ClCompile Include="..\patternwnd.c">
      <Filter>Source Files</Filter>
    </ClCompile>
    <ClCompile Include="..\profiler.c">
      <Filter>Source Files</Filter>
    </ClCompile>
    <ClCompile Include="..\statuswnd.c">
      <Filter>Source Files</Filter>
    </ClCompile>
    <ClCompile Include="..\text_horz.c">
      <Filter>Source Files</Filter>
    </ClCompile>
    <ClCompile Include="..\text_vertical.c">
      <Filter>Source Files</Filter>
    </ClCompile>
    <ClCompile Include="..\textsaver.c">
      <Filter>Source Files</Filter>
    </ClCompile>
    <ClCompile Include="..\workspace.c">
      <Filter>Source Files</Filter>
    </ClCompile>
    <ClCompile Include="..\xmlsaver.c">
      <Filter>Source Files</Filter>
    </ClCompile>
    <ClCompile Include="..\mapwnd.c">
      <Filter>Source Files</Filter>
    </ClCompile>
    <ClCompile Include="..\rows.c">
      <Filter>Source Files</Filter>
    </ClCompile>
  </ItemGroup>
  <ItemGroup>
    <ClInclude Include="..\patternwnd.h">
      <Filter>Header Files</Filter>
    </ClInclude>
    <ClInclude Include="..\jpegload.h">
      <Filter>Header Files</Filter>
    </ClInclude>
    <ClInclude Include="..\jpegwnd.h">
      <Filter>Header Files</Filter>
    </ClInclude>
    <ClInclude Include="..\statuswnd.h">
      <Filter>Header Files</Filter>
    </ClInclude>
    <ClInclude Include="..\workspace.h">
      <Filter>Header Files</Filter>
    </ClInclude>
    <ClInclude Include="..\textsaver.h">
      <Filter>Header Files</Filter>
    </ClInclude>
    <ClInclude Include="..\text_vertical.h">
      <Filter>Header Files</Filter>
    </ClInclude>
    <ClInclude Include="..\profiler.h">
      <Filter>Header Files</Filter>
    </ClInclude>
    <ClInclude Include="..\text_horz.h">
      <Filter>Header Files</Filter>
    </ClInclude>
    <ClInclude Include="..\listutils.h">
      <Filter>Header Files</Filter>
    </ClInclude>
    <ClInclude Include="..\jpegsave.h">
      <Filter>Header Files</Filter>
    </ClInclude>
    <ClInclude Include="..\xmlsaver.h">
      <Filter>Header Files</Filter>
    </ClInclude>
    <ClInclude Include="..\mapwnd.h">
      <Filter>Header Files</Filter>
    </ClInclude>
    <ClInclude Include="..\Resource\resource.h">
      <Filter>Resources</Filter>
    </ClInclude>
    <ClInclude Include="..\rows.h">
      <Filter>Header Files</Filter>
    </ClInclude>
  </ItemGroup>
  <ItemGroup>
    <ResourceCompile Include="..\Resource\patterns.rc">
      <Filter>Resources</Filter>
    </ResourceCompile>
  </ItemGroup>
  <ItemGroup>
    <Image Include="..\Resource\1.ico">
      <Filter>Resources</Filter>
    </Image>
    <Image Include="..\Resource\remove.bmp">
      <Filter>Resources</Filter>
    </Image>
    <Image Include="..\Resource\glfont.bmp">
      <Filter>Resources</Filter>
    </Image>
  </ItemGroup>
</Project>