<?xml version="1.0" encoding="utf-8"?>
<Project ToolsVersion="4.0" xmlns="http://schemas.microsoft.com/developer/msbuild/2003">
  <ItemGroup>
    <Filter Include="Файлы исходного кода">
      <UniqueIdentifier>{4FC737F1-C7A5-4376-A066-2A32D752A2FF}</UniqueIdentifier>
      <Extensions>cpp;c;cc;cxx;def;odl;idl;hpj;bat;asm;asmx</Extensions>
    </Filter>
    <Filter Include="Заголовочные файлы">
      <UniqueIdentifier>{93995380-89BD-4b04-88EB-625FBE52EBFB}</UniqueIdentifier>
      <Extensions>h;hh;hpp;hxx;hm;inl;inc;xsd</Extensions>
    </Filter>
    <Filter Include="Файлы ресурсов">
      <UniqueIdentifier>{67DA6AB6-F800-4c08-8B7A-83BB121AAD01}</UniqueIdentifier>
      <Extensions>rc;ico;cur;bmp;dlg;rc2;rct;bin;rgs;gif;jpg;jpeg;jpe;resx;tiff;tif;png;wav;mfcribbon-ms</Extensions>
    </Filter>
    <Filter Include="libjpeg">
      <UniqueIdentifier>{18a70f9e-35c5-492a-9713-8ff300866558}</UniqueIdentifier>
    </Filter>
  </ItemGroup>
  <ItemGroup>
    <ClCompile Include="..\..\libjpeg\jcapimin.c">
      <Filter>libjpeg</Filter>
    </ClCompile>
    <ClCompile Include="..\..\libjpeg\jcapistd.c">
      <Filter>libjpeg</Filter>
    </ClCompile>
    <ClCompile Include="..\..\libjpeg\jccoefct.c">
      <Filter>libjpeg</Filter>
    </ClCompile>
    <ClCompile Include="..\..\libjpeg\jccolor.c">
      <Filter>libjpeg</Filter>
    </ClCompile>
    <ClCompile Include="..\..\libjpeg\jcdctmgr.c">
      <Filter>libjpeg</Filter>
    </ClCompile>
    <ClCompile Include="..\..\libjpeg\jchuff.c">
      <Filter>libjpeg</Filter>
    </ClCompile>
    <ClCompile Include="..\..\libjpeg\jcinit.c">
      <Filter>libjpeg</Filter>
    </ClCompile>
    <ClCompile Include="..\..\libjpeg\jcmainct.c">
      <Filter>libjpeg</Filter>
    </ClCompile>
    <ClCompile Include="..\..\libjpeg\jcmarker.c">
      <Filter>libjpeg</Filter>
    </ClCompile>
    <ClCompile Include="..\..\libjpeg\jcmaster.c">
      <Filter>libjpeg</Filter>
    </ClCompile>
    <ClCompile Include="..\..\libjpeg\jcomapi.c">
      <Filter>libjpeg</Filter>
    </ClCompile>
    <ClCompile Include="..\..\libjpeg\jcparam.c">
      <Filter>libjpeg</Filter>
    </ClCompile>
    <ClCompile Include="..\..\libjpeg\jcphuff.c">
      <Filter>libjpeg</Filter>
    </ClCompile>
    <ClCompile Include="..\..\libjpeg\jcprepct.c">
      <Filter>libjpeg</Filter>
    </ClCompile>
    <ClCompile Include="..\..\libjpeg\jcsample.c">
      <Filter>libjpeg</Filter>
    </ClCompile>
    <ClCompile Include="..\..\libjpeg\jctrans.c">
      <Filter>libjpeg</Filter>
    </ClCompile>
    <ClCompile Include="..\..\libjpeg\jdapimin.c">
      <Filter>libjpeg</Filter>
    </ClCompile>
    <ClCompile Include="..\..\libjpeg\jdapistd.c">
      <Filter>libjpeg</Filter>
    </ClCompile>
    <ClCompile Include="..\..\libjpeg\jdatadst.c">
      <Filter>libjpeg</Filter>
    </ClCompile>
    <ClCompile Include="..\..\libjpeg\jdatasrc.c">
      <Filter>libjpeg</Filter>
    </ClCompile>
    <ClCompile Include="..\..\libjpeg\jdcoefct.c">
      <Filter>libjpeg</Filter>
    </ClCompile>
    <ClCompile Include="..\..\libjpeg\jdcolor.c">
      <Filter>libjpeg</Filter>
    </ClCompile>
    <ClCompile Include="..\..\libjpeg\jddctmgr.c">
      <Filter>libjpeg</Filter>
    </ClCompile>
    <ClCompile Include="..\..\libjpeg\jdhuff.c">
      <Filter>libjpeg</Filter>
    </ClCompile>
    <ClCompile Include="..\..\libjpeg\jdinput.c">
      <Filter>libjpeg</Filter>
    </ClCompile>
    <ClCompile Include="..\..\libjpeg\jdmainct.c">
      <Filter>libjpeg</Filter>
    </ClCompile>
    <ClCompile Include="..\..\libjpeg\jdmarker.c">
      <Filter>libjpeg</Filter>
    </ClCompile>
    <ClCompile Include="..\..\libjpeg\jdmaster.c">
      <Filter>libjpeg</Filter>
    </ClCompile>
    <ClCompile Include="..\..\libjpeg\jdmerge.c">
      <Filter>libjpeg</Filter>
    </ClCompile>
    <ClCompile Include="..\..\libjpeg\jdphuff.c">
      <Filter>libjpeg</Filter>
    </ClCompile>
    <ClCompile Include="..\..\libjpeg\jdpostct.c">
      <Filter>libjpeg</Filter>
    </ClCompile>
    <ClCompile Include="..\..\libjpeg\jdsample.c">
      <Filter>libjpeg</Filter>
    </ClCompile>
    <ClCompile Include="..\..\libjpeg\jdtrans.c">
      <Filter>libjpeg</Filter>
    </ClCompile>
    <ClCompile Include="..\..\libjpeg\jerror.c">
      <Filter>libjpeg</Filter>
    </ClCompile>
    <ClCompile Include="..\..\libjpeg\jfdctflt.c">
      <Filter>libjpeg</Filter>
    </ClCompile>
    <ClCompile Include="..\..\libjpeg\jfdctfst.c">
      <Filter>libjpeg</Filter>
    </ClCompile>
    <ClCompile Include="..\..\libjpeg\jfdctint.c">
      <Filter>libjpeg</Filter>
    </ClCompile>
    <ClCompile Include="..\..\libjpeg\jidctflt.c">
      <Filter>libjpeg</Filter>
    </ClCompile>
    <ClCompile Include="..\..\libjpeg\jidctfst.c">
      <Filter>libjpeg</Filter>
    </ClCompile>
    <ClCompile Include="..\..\libjpeg\jidctint.c">
      <Filter>libjpeg</Filter>
    </ClCompile>
    <ClCompile Include="..\..\libjpeg\jidctred.c">
      <Filter>libjpeg</Filter>
    </ClCompile>
    <ClCompile Include="..\..\libjpeg\jmemmgr.c">
      <Filter>libjpeg</Filter>
    </ClCompile>
    <ClCompile Include="..\..\libjpeg\jmemnobs.c">
      <Filter>libjpeg</Filter>
    </ClCompile>
    <ClCompile Include="..\..\libjpeg\jquant1.c">
      <Filter>libjpeg</Filter>
    </ClCompile>
    <ClCompile Include="..\..\libjpeg\jquant2.c">
      <Filter>libjpeg</Filter>
    </ClCompile>
    <ClCompile Include="..\..\libjpeg\jutils.c">
      <Filter>libjpeg</Filter>
    </ClCompile>
    <ClCompile Include="..\..\libjpeg\transupp.c">
      <Filter>libjpeg</Filter>
    </ClCompile>
    <ClCompile Include="..\jpegload.c">
      <Filter>Файлы исходного кода</Filter>
    </ClCompile>
    <ClCompile Include="..\jpegsave.c">
      <Filter>Файлы исходного кода</Filter>
    </ClCompile>
    <ClCompile Include="..\jpegwnd.c">
      <Filter>Файлы исходного кода</Filter>
    </ClCompile>
    <ClCompile Include="..\listutils.c">
      <Filter>Файлы исходного кода</Filter>
    </ClCompile>
    <ClCompile Include="..\main.c">
      <Filter>Файлы исходного кода</Filter>
    </ClCompile>
    <ClCompile Include="..\patternwnd.c">
      <Filter>Файлы исходного кода</Filter>
    </ClCompile>
    <ClCompile Include="..\profiler.c">
      <Filter>Файлы исходного кода</Filter>
    </ClCompile>
    <ClCompile Include="..\statuswnd.c">
      <Filter>Файлы исходного кода</Filter>
    </ClCompile>
    <ClCompile Include="..\text_horz.c">
      <Filter>Файлы исходного кода</Filter>
    </ClCompile>
    <ClCompile Include="..\text_vertical.c">
      <Filter>Файлы исходного кода</Filter>
    </ClCompile>
    <ClCompile Include="..\textsaver.c">
      <Filter>Файлы исходного кода</Filter>
    </ClCompile>
    <ClCompile Include="..\workspace.c">
      <Filter>Файлы исходного кода</Filter>
    </ClCompile>
    <ClCompile Include="..\xmlsaver.c">
      <Filter>Файлы исходного кода</Filter>
    </ClCompile>
    <ClCompile Include="..\mapwnd.c">
      <Filter>Файлы исходного кода</Filter>
    </ClCompile>
    <ClCompile Include="..\rows.c">
      <Filter>Файлы исходного кода</Filter>
    </ClCompile>
  </ItemGroup>
  <ItemGroup>
    <ClInclude Include="..\patternwnd.h">
      <Filter>Заголовочные файлы</Filter>
    </ClInclude>
    <ClInclude Include="..\jpegload.h">
      <Filter>Заголовочные файлы</Filter>
    </ClInclude>
    <ClInclude Include="..\jpegwnd.h">
      <Filter>Заголовочные файлы</Filter>
    </ClInclude>
    <ClInclude Include="..\statuswnd.h">
      <Filter>Заголовочные файлы</Filter>
    </ClInclude>
    <ClInclude Include="..\workspace.h">
      <Filter>Заголовочные файлы</Filter>
    </ClInclude>
    <ClInclude Include="..\textsaver.h">
      <Filter>Заголовочные файлы</Filter>
    </ClInclude>
    <ClInclude Include="..\text_vertical.h">
      <Filter>Заголовочные файлы</Filter>
    </ClInclude>
    <ClInclude Include="..\profiler.h">
      <Filter>Заголовочные файлы</Filter>
    </ClInclude>
    <ClInclude Include="..\text_horz.h">
      <Filter>Заголовочные файлы</Filter>
    </ClInclude>
    <ClInclude Include="..\listutils.h">
      <Filter>Заголовочные файлы</Filter>
    </ClInclude>
    <ClInclude Include="..\jpegsave.h">
      <Filter>Заголовочные файлы</Filter>
    </ClInclude>
    <ClInclude Include="..\..\libjpeg\jchuff.h">
      <Filter>libjpeg</Filter>
    </ClInclude>
    <ClInclude Include="..\..\libjpeg\jconfig.h">
      <Filter>libjpeg</Filter>
    </ClInclude>
    <ClInclude Include="..\..\libjpeg\jdct.h">
      <Filter>libjpeg</Filter>
    </ClInclude>
    <ClInclude Include="..\..\libjpeg\jdhuff.h">
      <Filter>libjpeg</Filter>
    </ClInclude>
    <ClInclude Include="..\..\libjpeg\jerror.h">
      <Filter>libjpeg</Filter>
    </ClInclude>
    <ClInclude Include="..\..\libjpeg\jinclude.h">
      <Filter>libjpeg</Filter>
    </ClInclude>
    <ClInclude Include="..\..\libjpeg\jmemsys.h">
      <Filter>libjpeg</Filter>
    </ClInclude>
    <ClInclude Include="..\..\libjpeg\jmorecfg.h">
      <Filter>libjpeg</Filter>
    </ClInclude>
    <ClInclude Include="..\..\libjpeg\jpegint.h">
      <Filter>libjpeg</Filter>
    </ClInclude>
    <ClInclude Include="..\..\libjpeg\jpeglib.h">
      <Filter>libjpeg</Filter>
    </ClInclude>
    <ClInclude Include="..\..\libjpeg\jversion.h">
      <Filter>libjpeg</Filter>
    </ClInclude>
    <ClInclude Include="..\..\libjpeg\transupp.h">
      <Filter>libjpeg</Filter>
    </ClInclude>
    <ClInclude Include="..\xmlsaver.h">
      <Filter>Заголовочные файлы</Filter>
    </ClInclude>
    <ClInclude Include="..\mapwnd.h">
      <Filter>Заголовочные файлы</Filter>
    </ClInclude>
    <ClInclude Include="..\Resource\resource.h">
      <Filter>Файлы ресурсов</Filter>
    </ClInclude>
    <ClInclude Include="..\rows.h">
      <Filter>Заголовочные файлы</Filter>
    </ClInclude>
  </ItemGroup>
  <ItemGroup>
    <ResourceCompile Include="..\Resource\patterns.rc">
      <Filter>Файлы ресурсов</Filter>
    </ResourceCompile>
  </ItemGroup>
  <ItemGroup>
    <Image Include="..\Resource\1.ico">
      <Filter>Файлы ресурсов</Filter>
    </Image>
    <Image Include="..\Resource\remove.bmp">
      <Filter>Файлы ресурсов</Filter>
    </Image>
    <Image Include="..\Resource\glfont.bmp">
      <Filter>Файлы ресурсов</Filter>
    </Image>
  </ItemGroup>
</Project>