<?xml version="1.0" encoding="utf-8"?>
<Project ToolsVersion="4.0" xmlns="http://schemas.microsoft.com/developer/msbuild/2003">
  <ItemGroup>
    <Filter Include="bcore">
      <UniqueIdentifier>{f6d744fb-0330-498e-a8be-e52c09dc7401}</UniqueIdentifier>
    </Filter>
    <Filter Include="begui">
      <UniqueIdentifier>{3a10a9d4-0c84-4940-94a7-5bad533ab33e}</UniqueIdentifier>
    </Filter>
    <Filter Include="SRC">
      <UniqueIdentifier>{c2ed9acd-e53b-42c3-9d42-9978eda337a8}</UniqueIdentifier>
    </Filter>
  </ItemGroup>
  <ItemGroup>
    <ClCompile Include="..\Application.cpp">
      <Filter>SRC</Filter>
    </ClCompile>
    <ClCompile Include="..\Vias.cpp">
      <Filter>SRC</Filter>
    </ClCompile>
    <ClCompile Include="..\Wire.cpp">
      <Filter>SRC</Filter>
    </ClCompile>
    <ClCompile Include="..\..\Libs\bcore\BaseTextFile.cpp">
      <Filter>bcore</Filter>
    </ClCompile>
    <ClCompile Include="..\..\Libs\bcore\BaseTexture.cpp">
      <Filter>bcore</Filter>
    </ClCompile>
    <ClCompile Include="..\..\Libs\bcore\BBox.cpp">
      <Filter>bcore</Filter>
    </ClCompile>
    <ClCompile Include="..\..\Libs\bcore\bitmap.cpp">
      <Filter>bcore</Filter>
    </ClCompile>
    <ClCompile Include="..\..\Libs\bcore\Console.cpp">
      <Filter>bcore</Filter>
    </ClCompile>
    <ClCompile Include="..\..\Libs\bcore\CubeTexture.cpp">
      <Filter>bcore</Filter>
    </ClCompile>
    <ClCompile Include="..\..\Libs\bcore\edgedetection.cpp">
      <Filter>bcore</Filter>
    </ClCompile>
    <ClCompile Include="..\..\Libs\bcore\Image.cpp">
      <Filter>bcore</Filter>
    </ClCompile>
    <ClCompile Include="..\..\Libs\bcore\memory.cpp">
      <Filter>bcore</Filter>
    </ClCompile>
    <ClCompile Include="..\..\Libs\bcore\misc.cpp">
      <Filter>bcore</Filter>
    </ClCompile>
    <ClCompile Include="..\..\Libs\bcore\PBuffer.cpp">
      <Filter>bcore</Filter>
    </ClCompile>
    <ClCompile Include="..\..\Libs\bcore\RenderPass.cpp">
      <Filter>bcore</Filter>
    </ClCompile>
    <ClCompile Include="..\..\Libs\bcore\Resampling.cpp">
      <Filter>bcore</Filter>
    </ClCompile>
    <ClCompile Include="..\..\Libs\bcore\Texture.cpp">
      <Filter>bcore</Filter>
    </ClCompile>
    <ClCompile Include="..\..\Libs\bcore\Texture3D.cpp">
      <Filter>bcore</Filter>
    </ClCompile>
    <ClCompile Include="..\..\Libs\bcore\TextureManager.cpp">
      <Filter>bcore</Filter>
    </ClCompile>
    <ClCompile Include="..\..\Libs\bcore\Thread.cpp">
      <Filter>bcore</Filter>
    </ClCompile>
    <ClCompile Include="..\..\Libs\bcore\Trackball.cpp">
      <Filter>bcore</Filter>
    </ClCompile>
    <ClCompile Include="..\..\Libs\bcore\Viewport.cpp">
      <Filter>bcore</Filter>
    </ClCompile>
    <ClCompile Include="..\..\Libs\begui\BaseApp_Win.cpp">
      <Filter>begui</Filter>
    </ClCompile>
    <ClCompile Include="..\..\Libs\begui\Button.cpp">
      <Filter>begui</Filter>
    </ClCompile>
    <ClCompile Include="..\..\Libs\begui\CheckBox.cpp">
      <Filter>begui</Filter>
    </ClCompile>
    <ClCompile Include="..\..\Libs\begui\ComboBox.cpp">
      <Filter>begui</Filter>
    </ClCompile>
    <ClCompile Include="..\..\Libs\begui\Component.cpp">
      <Filter>begui</Filter>
    </ClCompile>
    <ClCompile Include="..\..\Libs\begui\Container.cpp">
      <Filter>begui</Filter>
    </ClCompile>
    <ClCompile Include="..\..\Libs\begui\Dialog.cpp">
      <Filter>begui</Filter>
    </ClCompile>
    <ClCompile Include="..\..\Libs\begui\Display.cpp">
      <Filter>begui</Filter>
    </ClCompile>
    <ClCompile Include="..\..\Libs\begui\Dockable.cpp">
      <Filter>begui</Filter>
    </ClCompile>
    <ClCompile Include="..\..\Libs\begui\EditableText.cpp">
      <Filter>begui</Filter>
    </ClCompile>
    <ClCompile Include="..\..\Libs\begui\Font.cpp">
      <Filter>begui</Filter>
    </ClCompile>
    <ClCompile Include="..\..\Libs\begui\FontManager.cpp">
      <Filter>begui</Filter>
    </ClCompile>
    <ClCompile Include="..\..\Libs\begui\FrameWindow.cpp">
      <Filter>begui</Filter>
    </ClCompile>
    <ClCompile Include="..\..\Libs\begui\FrameWindow_Win32.cpp">
      <Filter>begui</Filter>
    </ClCompile>
    <ClCompile Include="..\..\Libs\begui\Group.cpp">
      <Filter>begui</Filter>
    </ClCompile>
    <ClCompile Include="..\..\Libs\begui\ImageBox.cpp">
      <Filter>begui</Filter>
    </ClCompile>
    <ClCompile Include="..\..\Libs\begui\Input.cpp">
      <Filter>begui</Filter>
    </ClCompile>
    <ClCompile Include="..\..\Libs\begui\Label.cpp">
      <Filter>begui</Filter>
    </ClCompile>
    <ClCompile Include="..\..\Libs\begui\ListBox.cpp">
      <Filter>begui</Filter>
    </ClCompile>
    <ClCompile Include="..\..\Libs\begui\Menu.cpp">
      <Filter>begui</Filter>
    </ClCompile>
    <ClCompile Include="..\..\Libs\begui\ProgressManager.cpp">
      <Filter>begui</Filter>
    </ClCompile>
    <ClCompile Include="..\..\Libs\begui\RadioButton.cpp">
      <Filter>begui</Filter>
    </ClCompile>
    <ClCompile Include="..\..\Libs\begui\RegionSelectGizmo.cpp">
      <Filter>begui</Filter>
    </ClCompile>
    <ClCompile Include="..\..\Libs\begui\ResourceManager.cpp">
      <Filter>begui</Filter>
    </ClCompile>
    <ClCompile Include="..\..\Libs\begui\Roller.cpp">
      <Filter>begui</Filter>
    </ClCompile>
    <ClCompile Include="..\..\Libs\begui\ScrollBar.cpp">
      <Filter>begui</Filter>
    </ClCompile>
    <ClCompile Include="..\..\Libs\begui\Slider.cpp">
      <Filter>begui</Filter>
    </ClCompile>
    <ClCompile Include="..\..\Libs\begui\System.cpp">
      <Filter>begui</Filter>
    </ClCompile>
    <ClCompile Include="..\..\Libs\begui\TabContainer.cpp">
      <Filter>begui</Filter>
    </ClCompile>
    <ClCompile Include="..\..\Libs\begui\TextBox.cpp">
      <Filter>begui</Filter>
    </ClCompile>
    <ClCompile Include="..\..\Libs\begui\timeseries.cpp">
      <Filter>begui</Filter>
    </ClCompile>
    <ClCompile Include="..\..\Libs\begui\ViewportComponent.cpp">
      <Filter>begui</Filter>
    </ClCompile>
    <ClCompile Include="..\..\Libs\begui\Window.cpp">
      <Filter>begui</Filter>
    </ClCompile>
    <ClCompile Include="..\..\Libs\begui\WindowBuffered.cpp">
      <Filter>begui</Filter>
    </ClCompile>
    <ClCompile Include="..\..\Libs\bcore\lodepng\lodepng.cpp">
      <Filter>bcore</Filter>
    </ClCompile>
    <ClCompile Include="..\..\Libs\bcore\RNL\rgbe.cpp">
      <Filter>bcore</Filter>
    </ClCompile>
  </ItemGroup>
  <ItemGroup>
    <ClInclude Include="..\Application.h">
      <Filter>SRC</Filter>
    </ClInclude>
    <ClInclude Include="..\bgui.h">
      <Filter>SRC</Filter>
    </ClInclude>
    <ClInclude Include="..\common.h">
      <Filter>SRC</Filter>
    </ClInclude>
    <ClInclude Include="..\Vias.h">
      <Filter>SRC</Filter>
    </ClInclude>
    <ClInclude Include="..\Wire.h">
      <Filter>SRC</Filter>
    </ClInclude>
    <ClInclude Include="..\..\Libs\bcore\BaseTextFile.h">
      <Filter>bcore</Filter>
    </ClInclude>
    <ClInclude Include="..\..\Libs\bcore\BaseTexture.h">
      <Filter>bcore</Filter>
    </ClInclude>
    <ClInclude Include="..\..\Libs\bcore\BBox.h">
      <Filter>bcore</Filter>
    </ClInclude>
    <ClInclude Include="..\..\Libs\bcore\Color.h">
      <Filter>bcore</Filter>
    </ClInclude>
    <ClInclude Include="..\..\Libs\bcore\common.h">
      <Filter>bcore</Filter>
    </ClInclude>
    <ClInclude Include="..\..\Libs\bcore\Console.h">
      <Filter>bcore</Filter>
    </ClInclude>
    <ClInclude Include="..\..\Libs\bcore\draw_line_hermite.h">
      <Filter>bcore</Filter>
    </ClInclude>
    <ClInclude Include="..\..\Libs\bcore\draw_triangle_hermite.h">
      <Filter>bcore</Filter>
    </ClInclude>
    <ClInclude Include="..\..\Libs\bcore\drawline.h">
      <Filter>bcore</Filter>
    </ClInclude>
    <ClInclude Include="..\..\Libs\bcore\drawtriangle.h">
      <Filter>bcore</Filter>
    </ClInclude>
    <ClInclude Include="..\..\Libs\bcore\fillpoly2d.h">
      <Filter>bcore</Filter>
    </ClInclude>
    <ClInclude Include="..\..\Libs\bcore\histogram.h">
      <Filter>bcore</Filter>
    </ClInclude>
    <ClInclude Include="..\..\Libs\bcore\Image.h">
      <Filter>bcore</Filter>
    </ClInclude>
    <ClInclude Include="..\..\Libs\bcore\interpolation.h">
      <Filter>bcore</Filter>
    </ClInclude>
    <ClInclude Include="..\..\Libs\bcore\LineLineIntersect.h">
      <Filter>bcore</Filter>
    </ClInclude>
    <ClInclude Include="..\..\Libs\bcore\Matrix.h">
      <Filter>bcore</Filter>
    </ClInclude>
    <ClInclude Include="..\..\Libs\bcore\Matrix3.h">
      <Filter>bcore</Filter>
    </ClInclude>
    <ClInclude Include="..\..\Libs\bcore\Matrix4.h">
      <Filter>bcore</Filter>
    </ClInclude>
    <ClInclude Include="..\..\Libs\bcore\memory.h">
      <Filter>bcore</Filter>
    </ClInclude>
    <ClInclude Include="..\..\Libs\bcore\misc.h">
      <Filter>bcore</Filter>
    </ClInclude>
    <ClInclude Include="..\..\Libs\bcore\PBuffer.h">
      <Filter>bcore</Filter>
    </ClInclude>
    <ClInclude Include="..\..\Libs\bcore\Rect.h">
      <Filter>bcore</Filter>
    </ClInclude>
    <ClInclude Include="..\..\Libs\bcore\RenderPass.h">
      <Filter>bcore</Filter>
    </ClInclude>
    <ClInclude Include="..\..\Libs\bcore\sequence.h">
      <Filter>bcore</Filter>
    </ClInclude>
    <ClInclude Include="..\..\Libs\bcore\Texture.h">
      <Filter>bcore</Filter>
    </ClInclude>
    <ClInclude Include="..\..\Libs\bcore\TextureManager.h">
      <Filter>bcore</Filter>
    </ClInclude>
    <ClInclude Include="..\..\Libs\bcore\Thread.h">
      <Filter>bcore</Filter>
    </ClInclude>
    <ClInclude Include="..\..\Libs\bcore\Trackball.h">
      <Filter>bcore</Filter>
    </ClInclude>
    <ClInclude Include="..\..\Libs\bcore\Vector2.h">
      <Filter>bcore</Filter>
    </ClInclude>
    <ClInclude Include="..\..\Libs\bcore\Vector2i.h">
      <Filter>bcore</Filter>
    </ClInclude>
    <ClInclude Include="..\..\Libs\bcore\Vector3.h">
      <Filter>bcore</Filter>
    </ClInclude>
    <ClInclude Include="..\..\Libs\bcore\Vector4.h">
      <Filter>bcore</Filter>
    </ClInclude>
    <ClInclude Include="..\..\Libs\bcore\Viewport.h">
      <Filter>bcore</Filter>
    </ClInclude>
    <ClInclude Include="..\..\Libs\begui\BaseApp_Win.h">
      <Filter>begui</Filter>
    </ClInclude>
    <ClInclude Include="..\..\Libs\begui\bgui.h">
      <Filter>begui</Filter>
    </ClInclude>
    <ClInclude Include="..\..\Libs\begui\Button.h">
      <Filter>begui</Filter>
    </ClInclude>
    <ClInclude Include="..\..\Libs\begui\callback.h">
      <Filter>begui</Filter>
    </ClInclude>
    <ClInclude Include="..\..\Libs\begui\CheckBox.h">
      <Filter>begui</Filter>
    </ClInclude>
    <ClInclude Include="..\..\Libs\begui\ComboBox.h">
      <Filter>begui</Filter>
    </ClInclude>
    <ClInclude Include="..\..\Libs\begui\common.h">
      <Filter>begui</Filter>
    </ClInclude>
    <ClInclude Include="..\..\Libs\begui\Component.h">
      <Filter>begui</Filter>
    </ClInclude>
    <ClInclude Include="..\..\Libs\begui\Container.h">
      <Filter>begui</Filter>
    </ClInclude>
    <ClInclude Include="..\..\Libs\begui\Dialog.h">
      <Filter>begui</Filter>
    </ClInclude>
    <ClInclude Include="..\..\Libs\begui\Display.h">
      <Filter>begui</Filter>
    </ClInclude>
    <ClInclude Include="..\..\Libs\begui\Dockable.h">
      <Filter>begui</Filter>
    </ClInclude>
    <ClInclude Include="..\..\Libs\begui\EditableText.h">
      <Filter>begui</Filter>
    </ClInclude>
    <ClInclude Include="..\..\Libs\begui\Font.h">
      <Filter>begui</Filter>
    </ClInclude>
    <ClInclude Include="..\..\Libs\begui\FrameWindow.h">
      <Filter>begui</Filter>
    </ClInclude>
    <ClInclude Include="..\..\Libs\begui\FrameWindow_Win32.h">
      <Filter>begui</Filter>
    </ClInclude>
    <ClInclude Include="..\..\Libs\begui\Group.h">
      <Filter>begui</Filter>
    </ClInclude>
    <ClInclude Include="..\..\Libs\begui\ImageBox.h">
      <Filter>begui</Filter>
    </ClInclude>
    <ClInclude Include="..\..\Libs\begui\Input.h">
      <Filter>begui</Filter>
    </ClInclude>
    <ClInclude Include="..\..\Libs\begui\Label.h">
      <Filter>begui</Filter>
    </ClInclude>
    <ClInclude Include="..\..\Libs\begui\ListBox.h">
      <Filter>begui</Filter>
    </ClInclude>
    <ClInclude Include="..\..\Libs\begui\LiveVar.h">
      <Filter>begui</Filter>
    </ClInclude>
    <ClInclude Include="..\..\Libs\begui\Menu.h">
      <Filter>begui</Filter>
    </ClInclude>
    <ClInclude Include="..\..\Libs\begui\ProgressManager.h">
      <Filter>begui</Filter>
    </ClInclude>
    <ClInclude Include="..\..\Libs\begui\PropertySheet.h">
      <Filter>begui</Filter>
    </ClInclude>
    <ClInclude Include="..\..\Libs\begui\RadioButton.h">
      <Filter>begui</Filter>
    </ClInclude>
    <ClInclude Include="..\..\Libs\begui\RegionSelectGizmo.h">
      <Filter>begui</Filter>
    </ClInclude>
    <ClInclude Include="..\..\Libs\begui\ResourceManager.h">
      <Filter>begui</Filter>
    </ClInclude>
    <ClInclude Include="..\..\Libs\begui\Roller.h">
      <Filter>begui</Filter>
    </ClInclude>
    <ClInclude Include="..\..\Libs\begui\ScrollBar.h">
      <Filter>begui</Filter>
    </ClInclude>
    <ClInclude Include="..\..\Libs\begui\Slider.h">
      <Filter>begui</Filter>
    </ClInclude>
    <ClInclude Include="..\..\Libs\begui\System.h">
      <Filter>begui</Filter>
    </ClInclude>
    <ClInclude Include="..\..\Libs\begui\TabContainer.h">
      <Filter>begui</Filter>
    </ClInclude>
    <ClInclude Include="..\..\Libs\begui\TextBox.h">
      <Filter>begui</Filter>
    </ClInclude>
    <ClInclude Include="..\..\Libs\begui\timeseries.h">
      <Filter>begui</Filter>
    </ClInclude>
    <ClInclude Include="..\..\Libs\begui\util.h">
      <Filter>begui</Filter>
    </ClInclude>
    <ClInclude Include="..\..\Libs\begui\ViewportComponent.h">
      <Filter>begui</Filter>
    </ClInclude>
    <ClInclude Include="..\..\Libs\begui\Window.h">
      <Filter>begui</Filter>
    </ClInclude>
    <ClInclude Include="..\..\Libs\begui\WindowBuffered.h">
      <Filter>begui</Filter>
    </ClInclude>
    <ClInclude Include="..\..\Libs\begui\WindowResourceManager.h">
      <Filter>begui</Filter>
    </ClInclude>
    <ClInclude Include="..\..\Libs\bcore\lodepng\lodepng.h">
      <Filter>bcore</Filter>
    </ClInclude>
    <ClInclude Include="..\..\Libs\bcore\RNL\rgbe.h">
      <Filter>bcore</Filter>
    </ClInclude>
  </ItemGroup>
  <ItemGroup>
    <Text Include="..\..\Libs\begui\buglist.txt">
      <Filter>begui</Filter>
    </Text>
  </ItemGroup>
</Project>