
Microsoft Visual Studio Solution File, Format Version 12.00
# Visual Studio 15
VisualStudioVersion = 15.0.27428.2037
MinimumVisualStudioVersion = 10.0.40219.1
Project("{FAE04EC0-301F-11D3-BF4B-00C04F79EFBC}") = "ImageTiler", "ImageTiler\ImageTiler.csproj", "{950CE21A-8E38-42FD-9C6F-4A9988EA2F16}"
EndProject
Global
	GlobalSection(SolutionConfigurationPlatforms) = preSolution
		Debug|Any CPU = Debug|Any CPU
		Release|Any CPU = Release|Any CPU
	EndGlobalSection
	GlobalSection(ProjectConfigurationPlatforms) = postSolution
		{950CE21A-8E38-42FD-9C6F-4A9988EA2F16}.Debug|Any CPU.ActiveCfg = Debug|Any CPU
		{950CE21A-8E38-42FD-9C6F-4A9988EA2F16}.Debug|Any CPU.Build.0 = Debug|Any CPU
		{950CE21A-8E38-42FD-9C6F-4A9988EA2F16}.Release|Any CPU.ActiveCfg = Release|Any CPU
		{950CE21A-8E38-42FD-9C6F-4A9988EA2F16}.Release|Any CPU.Build.0 = Release|Any CPU
	EndGlobalSection
	GlobalSection(SolutionProperties) = preSolution
		HideSolutionNode = FALSE
	EndGlobalSection
	GlobalSection(ExtensibilityGlobals) = postSolution
		SolutionGuid = {C5DDAD77-A2DE-42FC-B686-2193516E2D6B}
	EndGlobalSection
EndGlobal
