
Microsoft Visual Studio Solution File, Format Version 12.00
# Visual Studio 15
VisualStudioVersion = 15.0.27428.2037
MinimumVisualStudioVersion = 10.0.40219.1
Project("{FAE04EC0-301F-11D3-BF4B-00C04F79EFBC}") = "DnnDemo", "DnnDemo\DnnDemo.csproj", "{8E2027DC-8CE7-4328-B2F2-8656B2C54639}"
EndProject
Global
	GlobalSection(SolutionConfigurationPlatforms) = preSolution
		Debug|Any CPU = Debug|Any CPU
		Release|Any CPU = Release|Any CPU
	EndGlobalSection
	GlobalSection(ProjectConfigurationPlatforms) = postSolution
		{8E2027DC-8CE7-4328-B2F2-8656B2C54639}.Debug|Any CPU.ActiveCfg = Debug|Any CPU
		{8E2027DC-8CE7-4328-B2F2-8656B2C54639}.Debug|Any CPU.Build.0 = Debug|Any CPU
		{8E2027DC-8CE7-4328-B2F2-8656B2C54639}.Release|Any CPU.ActiveCfg = Release|Any CPU
		{8E2027DC-8CE7-4328-B2F2-8656B2C54639}.Release|Any CPU.Build.0 = Release|Any CPU
	EndGlobalSection
	GlobalSection(SolutionProperties) = preSolution
		HideSolutionNode = FALSE
	EndGlobalSection
	GlobalSection(ExtensibilityGlobals) = postSolution
		SolutionGuid = {C89A7E6B-5DDB-40D6-9563-4E4A2E5426E1}
	EndGlobalSection
EndGlobal
